// !$*UTF8*$!
{
	archiveVersion = 1;
	classes = {
	};
	objectVersion = 50;
	objects = {

/* Begin PBXBuildFile section */
		7602B93D233E0F3E004B354E /* HistoryChartViewModel.swift in Sources */ = {isa = PBXBuildFile; fileRef = 7602B93C233E0F3E004B354E /* HistoryChartViewModel.swift */; };
		7610AF6223101EE600E91F84 /* TODO.txt in Resources */ = {isa = PBXBuildFile; fileRef = 7610AF6123101EE600E91F84 /* TODO.txt */; };
		7612CB3D230E9E1D002CF6C4 /* Config.plist in Resources */ = {isa = PBXBuildFile; fileRef = 7612CB3B230E9E1D002CF6C4 /* Config.plist */; };
		7612CB3E230E9E1D002CF6C4 /* ConfigManager.swift in Sources */ = {isa = PBXBuildFile; fileRef = 7612CB3C230E9E1D002CF6C4 /* ConfigManager.swift */; };
		7612CB41230E9F3E002CF6C4 /* ThermostatsManager.swift in Sources */ = {isa = PBXBuildFile; fileRef = 7612CB40230E9F3E002CF6C4 /* ThermostatsManager.swift */; };
		7612CB43230EA043002CF6C4 /* ThermostatTableViewCell.swift in Sources */ = {isa = PBXBuildFile; fileRef = 7612CB42230EA043002CF6C4 /* ThermostatTableViewCell.swift */; };
		76164925230D485E00BFE176 /* AppDelegate.swift in Sources */ = {isa = PBXBuildFile; fileRef = 76164924230D485E00BFE176 /* AppDelegate.swift */; };
		76164927230D485E00BFE176 /* ListViewController.swift in Sources */ = {isa = PBXBuildFile; fileRef = 76164926230D485E00BFE176 /* ListViewController.swift */; };
		7616492A230D485E00BFE176 /* Main.storyboard in Resources */ = {isa = PBXBuildFile; fileRef = 76164928230D485E00BFE176 /* Main.storyboard */; };
		7616492C230D486000BFE176 /* Assets.xcassets in Resources */ = {isa = PBXBuildFile; fileRef = 7616492B230D486000BFE176 /* Assets.xcassets */; };
		7616492F230D486000BFE176 /* LaunchScreen.storyboard in Resources */ = {isa = PBXBuildFile; fileRef = 7616492D230D486000BFE176 /* LaunchScreen.storyboard */; };
		7616493A230D54EE00BFE176 /* ThermostatsViewModel.swift in Sources */ = {isa = PBXBuildFile; fileRef = 76164939230D54EE00BFE176 /* ThermostatsViewModel.swift */; };
		7616493C230D54FA00BFE176 /* Thermostat.swift in Sources */ = {isa = PBXBuildFile; fileRef = 7616493B230D54FA00BFE176 /* Thermostat.swift */; };
		76227818233CD3AF00B89376 /* DetailViewController.swift in Sources */ = {isa = PBXBuildFile; fileRef = 76227817233CD3AF00B89376 /* DetailViewController.swift */; };
		762EBF442313FFD800B2FB30 /* Config_debug.plist in Resources */ = {isa = PBXBuildFile; fileRef = 762EBF432313FFD700B2FB30 /* Config_debug.plist */; };
		762EBF472314062000B2FB30 /* Logger.swift in Sources */ = {isa = PBXBuildFile; fileRef = 762EBF462314062000B2FB30 /* Logger.swift */; };
		76C3D60123227BB9005DB931 /* HeatingClientTests.swift in Sources */ = {isa = PBXBuildFile; fileRef = 76C3D60023227BB9005DB931 /* HeatingClientTests.swift */; };
		9DB53D70338729D0640D4E64 /* Pods_HeatingClient.framework in Frameworks */ = {isa = PBXBuildFile; fileRef = 0F41C7183F47905B2795D9A3 /* Pods_HeatingClient.framework */; };
		F07F3C8DEBA8B9E87ADC1E93 /* Pods_HeatingClient_HeatingClientTests.framework in Frameworks */ = {isa = PBXBuildFile; fileRef = 8BE21A825AD4ECD93E37B4B6 /* Pods_HeatingClient_HeatingClientTests.framework */; };
/* End PBXBuildFile section */

/* Begin PBXContainerItemProxy section */
		76C3D60323227BB9005DB931 /* PBXContainerItemProxy */ = {
			isa = PBXContainerItemProxy;
			containerPortal = 76164919230D485E00BFE176 /* Project object */;
			proxyType = 1;
			remoteGlobalIDString = 76164920230D485E00BFE176;
			remoteInfo = HeatingClient;
		};
/* End PBXContainerItemProxy section */

/* Begin PBXFileReference section */
		0F41C7183F47905B2795D9A3 /* Pods_HeatingClient.framework */ = {isa = PBXFileReference; explicitFileType = wrapper.framework; includeInIndex = 0; path = Pods_HeatingClient.framework; sourceTree = BUILT_PRODUCTS_DIR; };
		2388AB1CE9104EF0E1E724B3 /* Pods-HeatingClient-HeatingClientTests.release.xcconfig */ = {isa = PBXFileReference; includeInIndex = 1; lastKnownFileType = text.xcconfig; name = "Pods-HeatingClient-HeatingClientTests.release.xcconfig"; path = "Pods/Target Support Files/Pods-HeatingClient-HeatingClientTests/Pods-HeatingClient-HeatingClientTests.release.xcconfig"; sourceTree = "<group>"; };
		4A98C292716A6DBED8A3F769 /* Pods-HeatingClient.debug.xcconfig */ = {isa = PBXFileReference; includeInIndex = 1; lastKnownFileType = text.xcconfig; name = "Pods-HeatingClient.debug.xcconfig"; path = "Pods/Target Support Files/Pods-HeatingClient/Pods-HeatingClient.debug.xcconfig"; sourceTree = "<group>"; };
		7602B93C233E0F3E004B354E /* HistoryChartViewModel.swift */ = {isa = PBXFileReference; lastKnownFileType = sourcecode.swift; path = HistoryChartViewModel.swift; sourceTree = "<group>"; };
		7610AF6123101EE600E91F84 /* TODO.txt */ = {isa = PBXFileReference; lastKnownFileType = text; path = TODO.txt; sourceTree = "<group>"; };
		7612CB3B230E9E1D002CF6C4 /* Config.plist */ = {isa = PBXFileReference; fileEncoding = 4; lastKnownFileType = text.plist.xml; path = Config.plist; sourceTree = "<group>"; };
		7612CB3C230E9E1D002CF6C4 /* ConfigManager.swift */ = {isa = PBXFileReference; fileEncoding = 4; lastKnownFileType = sourcecode.swift; path = ConfigManager.swift; sourceTree = "<group>"; };
		7612CB40230E9F3E002CF6C4 /* ThermostatsManager.swift */ = {isa = PBXFileReference; fileEncoding = 4; lastKnownFileType = sourcecode.swift; path = ThermostatsManager.swift; sourceTree = "<group>"; };
		7612CB42230EA043002CF6C4 /* ThermostatTableViewCell.swift */ = {isa = PBXFileReference; lastKnownFileType = sourcecode.swift; path = ThermostatTableViewCell.swift; sourceTree = "<group>"; };
		76164921230D485E00BFE176 /* HeatingClient.app */ = {isa = PBXFileReference; explicitFileType = wrapper.application; includeInIndex = 0; path = HeatingClient.app; sourceTree = BUILT_PRODUCTS_DIR; };
		76164924230D485E00BFE176 /* AppDelegate.swift */ = {isa = PBXFileReference; lastKnownFileType = sourcecode.swift; path = AppDelegate.swift; sourceTree = "<group>"; };
		76164926230D485E00BFE176 /* ListViewController.swift */ = {isa = PBXFileReference; lastKnownFileType = sourcecode.swift; path = ListViewController.swift; sourceTree = "<group>"; };
		76164929230D485E00BFE176 /* Base */ = {isa = PBXFileReference; lastKnownFileType = file.storyboard; name = Base; path = Base.lproj/Main.storyboard; sourceTree = "<group>"; };
		7616492B230D486000BFE176 /* Assets.xcassets */ = {isa = PBXFileReference; lastKnownFileType = folder.assetcatalog; path = Assets.xcassets; sourceTree = "<group>"; };
		7616492E230D486000BFE176 /* Base */ = {isa = PBXFileReference; lastKnownFileType = file.storyboard; name = Base; path = Base.lproj/LaunchScreen.storyboard; sourceTree = "<group>"; };
		76164930230D486000BFE176 /* Info.plist */ = {isa = PBXFileReference; lastKnownFileType = text.plist.xml; path = Info.plist; sourceTree = "<group>"; };
		76164939230D54EE00BFE176 /* ThermostatsViewModel.swift */ = {isa = PBXFileReference; fileEncoding = 4; lastKnownFileType = sourcecode.swift; path = ThermostatsViewModel.swift; sourceTree = "<group>"; };
		7616493B230D54FA00BFE176 /* Thermostat.swift */ = {isa = PBXFileReference; fileEncoding = 4; lastKnownFileType = sourcecode.swift; path = Thermostat.swift; sourceTree = "<group>"; };
		76227817233CD3AF00B89376 /* DetailViewController.swift */ = {isa = PBXFileReference; lastKnownFileType = sourcecode.swift; path = DetailViewController.swift; sourceTree = "<group>"; };
		762EBF432313FFD700B2FB30 /* Config_debug.plist */ = {isa = PBXFileReference; fileEncoding = 4; lastKnownFileType = text.plist.xml; path = Config_debug.plist; sourceTree = "<group>"; };
		762EBF462314062000B2FB30 /* Logger.swift */ = {isa = PBXFileReference; fileEncoding = 4; lastKnownFileType = sourcecode.swift; path = Logger.swift; sourceTree = "<group>"; };
		76C3D5FE23227BB9005DB931 /* HeatingClientTests.xctest */ = {isa = PBXFileReference; explicitFileType = wrapper.cfbundle; includeInIndex = 0; path = HeatingClientTests.xctest; sourceTree = BUILT_PRODUCTS_DIR; };
		76C3D60023227BB9005DB931 /* HeatingClientTests.swift */ = {isa = PBXFileReference; lastKnownFileType = sourcecode.swift; path = HeatingClientTests.swift; sourceTree = "<group>"; };
		76C3D60223227BB9005DB931 /* Info.plist */ = {isa = PBXFileReference; lastKnownFileType = text.plist.xml; path = Info.plist; sourceTree = "<group>"; };
		8BE21A825AD4ECD93E37B4B6 /* Pods_HeatingClient_HeatingClientTests.framework */ = {isa = PBXFileReference; explicitFileType = wrapper.framework; includeInIndex = 0; path = Pods_HeatingClient_HeatingClientTests.framework; sourceTree = BUILT_PRODUCTS_DIR; };
		C6D1C949977ADC6A3B645AD8 /* Pods-HeatingClient-HeatingClientTests.debug.xcconfig */ = {isa = PBXFileReference; includeInIndex = 1; lastKnownFileType = text.xcconfig; name = "Pods-HeatingClient-HeatingClientTests.debug.xcconfig"; path = "Pods/Target Support Files/Pods-HeatingClient-HeatingClientTests/Pods-HeatingClient-HeatingClientTests.debug.xcconfig"; sourceTree = "<group>"; };
		FCA6CAB906B1E505011ACCC4 /* Pods-HeatingClient.release.xcconfig */ = {isa = PBXFileReference; includeInIndex = 1; lastKnownFileType = text.xcconfig; name = "Pods-HeatingClient.release.xcconfig"; path = "Pods/Target Support Files/Pods-HeatingClient/Pods-HeatingClient.release.xcconfig"; sourceTree = "<group>"; };
/* End PBXFileReference section */

/* Begin PBXFrameworksBuildPhase section */
		7616491E230D485E00BFE176 /* Frameworks */ = {
			isa = PBXFrameworksBuildPhase;
			buildActionMask = 2147483647;
			files = (
				9DB53D70338729D0640D4E64 /* Pods_HeatingClient.framework in Frameworks */,
			);
			runOnlyForDeploymentPostprocessing = 0;
		};
		76C3D5FB23227BB9005DB931 /* Frameworks */ = {
			isa = PBXFrameworksBuildPhase;
			buildActionMask = 2147483647;
			files = (
				F07F3C8DEBA8B9E87ADC1E93 /* Pods_HeatingClient_HeatingClientTests.framework in Frameworks */,
			);
			runOnlyForDeploymentPostprocessing = 0;
		};
/* End PBXFrameworksBuildPhase section */

/* Begin PBXGroup section */
		0E38355399887CCFA758BF3A /* Frameworks */ = {
			isa = PBXGroup;
			children = (
				0F41C7183F47905B2795D9A3 /* Pods_HeatingClient.framework */,
				8BE21A825AD4ECD93E37B4B6 /* Pods_HeatingClient_HeatingClientTests.framework */,
			);
			name = Frameworks;
			sourceTree = "<group>";
		};
		62CF654B733D9C84465C7A81 /* Pods */ = {
			isa = PBXGroup;
			children = (
				4A98C292716A6DBED8A3F769 /* Pods-HeatingClient.debug.xcconfig */,
				FCA6CAB906B1E505011ACCC4 /* Pods-HeatingClient.release.xcconfig */,
				C6D1C949977ADC6A3B645AD8 /* Pods-HeatingClient-HeatingClientTests.debug.xcconfig */,
				2388AB1CE9104EF0E1E724B3 /* Pods-HeatingClient-HeatingClientTests.release.xcconfig */,
			);
			name = Pods;
			sourceTree = "<group>";
		};
		7612CB3A230E9AC7002CF6C4 /* Config */ = {
			isa = PBXGroup;
			children = (
				762EBF432313FFD700B2FB30 /* Config_debug.plist */,
				7612CB3B230E9E1D002CF6C4 /* Config.plist */,
				7612CB3C230E9E1D002CF6C4 /* ConfigManager.swift */,
			);
			path = Config;
			sourceTree = "<group>";
		};
		7612CB3F230E9F19002CF6C4 /* Networking */ = {
			isa = PBXGroup;
			children = (
				7612CB40230E9F3E002CF6C4 /* ThermostatsManager.swift */,
			);
			path = Networking;
			sourceTree = "<group>";
		};
		76164918230D485E00BFE176 = {
			isa = PBXGroup;
			children = (
				76164923230D485E00BFE176 /* HeatingClient */,
				76C3D5FF23227BB9005DB931 /* HeatingClientTests */,
				76164922230D485E00BFE176 /* Products */,
				62CF654B733D9C84465C7A81 /* Pods */,
				0E38355399887CCFA758BF3A /* Frameworks */,
			);
			sourceTree = "<group>";
		};
		76164922230D485E00BFE176 /* Products */ = {
			isa = PBXGroup;
			children = (
				76164921230D485E00BFE176 /* HeatingClient.app */,
				76C3D5FE23227BB9005DB931 /* HeatingClientTests.xctest */,
			);
			name = Products;
			sourceTree = "<group>";
		};
		76164923230D485E00BFE176 /* HeatingClient */ = {
			isa = PBXGroup;
			children = (
				762EBF45231405D300B2FB30 /* Common */,
				7612CB3A230E9AC7002CF6C4 /* Config */,
				7616493D230D550000BFE176 /* Controllers */,
				7612CB3F230E9F19002CF6C4 /* Networking */,
				76164936230D542300BFE176 /* Models */,
				76164937230D543200BFE176 /* Views */,
				76164938230D543B00BFE176 /* ViewModels */,
				76164924230D485E00BFE176 /* AppDelegate.swift */,
				7616492B230D486000BFE176 /* Assets.xcassets */,
				76164930230D486000BFE176 /* Info.plist */,
				7610AF6123101EE600E91F84 /* TODO.txt */,
			);
			path = HeatingClient;
			sourceTree = "<group>";
		};
		76164936230D542300BFE176 /* Models */ = {
			isa = PBXGroup;
			children = (
				7616493B230D54FA00BFE176 /* Thermostat.swift */,
			);
			path = Models;
			sourceTree = "<group>";
		};
		76164937230D543200BFE176 /* Views */ = {
			isa = PBXGroup;
			children = (
				76164928230D485E00BFE176 /* Main.storyboard */,
				7616492D230D486000BFE176 /* LaunchScreen.storyboard */,
				7612CB42230EA043002CF6C4 /* ThermostatTableViewCell.swift */,
			);
			path = Views;
			sourceTree = "<group>";
		};
		76164938230D543B00BFE176 /* ViewModels */ = {
			isa = PBXGroup;
			children = (
				76164939230D54EE00BFE176 /* ThermostatsViewModel.swift */,
				7602B93C233E0F3E004B354E /* HistoryChartViewModel.swift */,
			);
			path = ViewModels;
			sourceTree = "<group>";
		};
		7616493D230D550000BFE176 /* Controllers */ = {
			isa = PBXGroup;
			children = (
				76164926230D485E00BFE176 /* ListViewController.swift */,
				76227817233CD3AF00B89376 /* DetailViewController.swift */,
			);
			path = Controllers;
			sourceTree = "<group>";
		};
		762EBF45231405D300B2FB30 /* Common */ = {
			isa = PBXGroup;
			children = (
				762EBF462314062000B2FB30 /* Logger.swift */,
			);
			path = Common;
			sourceTree = "<group>";
		};
		76C3D5FF23227BB9005DB931 /* HeatingClientTests */ = {
			isa = PBXGroup;
			children = (
				76C3D60023227BB9005DB931 /* HeatingClientTests.swift */,
				76C3D60223227BB9005DB931 /* Info.plist */,
			);
			path = HeatingClientTests;
			sourceTree = "<group>";
		};
/* End PBXGroup section */

/* Begin PBXNativeTarget section */
		76164920230D485E00BFE176 /* HeatingClient */ = {
			isa = PBXNativeTarget;
			buildConfigurationList = 76164933230D486000BFE176 /* Build configuration list for PBXNativeTarget "HeatingClient" */;
			buildPhases = (
				B04FFD6DCCCB79031EA61FE8 /* [CP] Check Pods Manifest.lock */,
				7616491D230D485E00BFE176 /* Sources */,
				7616491E230D485E00BFE176 /* Frameworks */,
				7616491F230D485E00BFE176 /* Resources */,
				9FBC9169D83C907DABC607DC /* [CP] Embed Pods Frameworks */,
			);
			buildRules = (
			);
			dependencies = (
			);
			name = HeatingClient;
			productName = HeatingClient;
			productReference = 76164921230D485E00BFE176 /* HeatingClient.app */;
			productType = "com.apple.product-type.application";
		};
		76C3D5FD23227BB9005DB931 /* HeatingClientTests */ = {
			isa = PBXNativeTarget;
			buildConfigurationList = 76C3D60723227BB9005DB931 /* Build configuration list for PBXNativeTarget "HeatingClientTests" */;
			buildPhases = (
				350AE08C6FCD752A954F9AB6 /* [CP] Check Pods Manifest.lock */,
				76C3D5FA23227BB9005DB931 /* Sources */,
				76C3D5FB23227BB9005DB931 /* Frameworks */,
				76C3D5FC23227BB9005DB931 /* Resources */,
				5D35883352F44E9FC88AE4B7 /* [CP] Embed Pods Frameworks */,
			);
			buildRules = (
			);
			dependencies = (
				76C3D60423227BB9005DB931 /* PBXTargetDependency */,
			);
			name = HeatingClientTests;
			productName = HeatingClientTests;
			productReference = 76C3D5FE23227BB9005DB931 /* HeatingClientTests.xctest */;
			productType = "com.apple.product-type.bundle.unit-test";
		};
/* End PBXNativeTarget section */

/* Begin PBXProject section */
		76164919230D485E00BFE176 /* Project object */ = {
			isa = PBXProject;
			attributes = {
				LastSwiftUpdateCheck = 1030;
				LastUpgradeCheck = 1030;
				ORGANIZATIONNAME = Konrrisoft;
				TargetAttributes = {
					76164920230D485E00BFE176 = {
						CreatedOnToolsVersion = 10.3;
					};
					76C3D5FD23227BB9005DB931 = {
						CreatedOnToolsVersion = 10.3;
						TestTargetID = 76164920230D485E00BFE176;
					};
				};
			};
			buildConfigurationList = 7616491C230D485E00BFE176 /* Build configuration list for PBXProject "HeatingClient" */;
			compatibilityVersion = "Xcode 9.3";
			developmentRegion = en;
			hasScannedForEncodings = 0;
			knownRegions = (
				en,
				Base,
			);
			mainGroup = 76164918230D485E00BFE176;
			productRefGroup = 76164922230D485E00BFE176 /* Products */;
			projectDirPath = "";
			projectRoot = "";
			targets = (
				76164920230D485E00BFE176 /* HeatingClient */,
				76C3D5FD23227BB9005DB931 /* HeatingClientTests */,
			);
		};
/* End PBXProject section */

/* Begin PBXResourcesBuildPhase section */
		7616491F230D485E00BFE176 /* Resources */ = {
			isa = PBXResourcesBuildPhase;
			buildActionMask = 2147483647;
			files = (
				762EBF442313FFD800B2FB30 /* Config_debug.plist in Resources */,
				7610AF6223101EE600E91F84 /* TODO.txt in Resources */,
				7612CB3D230E9E1D002CF6C4 /* Config.plist in Resources */,
				7616492F230D486000BFE176 /* LaunchScreen.storyboard in Resources */,
				7616492C230D486000BFE176 /* Assets.xcassets in Resources */,
				7616492A230D485E00BFE176 /* Main.storyboard in Resources */,
			);
			runOnlyForDeploymentPostprocessing = 0;
		};
		76C3D5FC23227BB9005DB931 /* Resources */ = {
			isa = PBXResourcesBuildPhase;
			buildActionMask = 2147483647;
			files = (
			);
			runOnlyForDeploymentPostprocessing = 0;
		};
/* End PBXResourcesBuildPhase section */

/* Begin PBXShellScriptBuildPhase section */
		350AE08C6FCD752A954F9AB6 /* [CP] Check Pods Manifest.lock */ = {
			isa = PBXShellScriptBuildPhase;
			buildActionMask = 2147483647;
			files = (
			);
			inputFileListPaths = (
			);
			inputPaths = (
				"${PODS_PODFILE_DIR_PATH}/Podfile.lock",
				"${PODS_ROOT}/Manifest.lock",
			);
			name = "[CP] Check Pods Manifest.lock";
			outputFileListPaths = (
			);
			outputPaths = (
				"$(DERIVED_FILE_DIR)/Pods-HeatingClient-HeatingClientTests-checkManifestLockResult.txt",
			);
			runOnlyForDeploymentPostprocessing = 0;
			shellPath = /bin/sh;
			shellScript = "diff \"${PODS_PODFILE_DIR_PATH}/Podfile.lock\" \"${PODS_ROOT}/Manifest.lock\" > /dev/null\nif [ $? != 0 ] ; then\n    # print error to STDERR\n    echo \"error: The sandbox is not in sync with the Podfile.lock. Run 'pod install' or update your CocoaPods installation.\" >&2\n    exit 1\nfi\n# This output is used by Xcode 'outputs' to avoid re-running this script phase.\necho \"SUCCESS\" > \"${SCRIPT_OUTPUT_FILE_0}\"\n";
			showEnvVarsInLog = 0;
		};
		5D35883352F44E9FC88AE4B7 /* [CP] Embed Pods Frameworks */ = {
			isa = PBXShellScriptBuildPhase;
			buildActionMask = 2147483647;
			files = (
			);
			inputFileListPaths = (
				"${PODS_ROOT}/Target Support Files/Pods-HeatingClient-HeatingClientTests/Pods-HeatingClient-HeatingClientTests-frameworks-${CONFIGURATION}-input-files.xcfilelist",
			);
			name = "[CP] Embed Pods Frameworks";
			outputFileListPaths = (
				"${PODS_ROOT}/Target Support Files/Pods-HeatingClient-HeatingClientTests/Pods-HeatingClient-HeatingClientTests-frameworks-${CONFIGURATION}-output-files.xcfilelist",
			);
			runOnlyForDeploymentPostprocessing = 0;
			shellPath = /bin/sh;
			shellScript = "\"${PODS_ROOT}/Target Support Files/Pods-HeatingClient-HeatingClientTests/Pods-HeatingClient-HeatingClientTests-frameworks.sh\"\n";
			showEnvVarsInLog = 0;
		};
		9FBC9169D83C907DABC607DC /* [CP] Embed Pods Frameworks */ = {
			isa = PBXShellScriptBuildPhase;
			buildActionMask = 2147483647;
			files = (
			);
			inputFileListPaths = (
				"${PODS_ROOT}/Target Support Files/Pods-HeatingClient/Pods-HeatingClient-frameworks-${CONFIGURATION}-input-files.xcfilelist",
			);
			name = "[CP] Embed Pods Frameworks";
			outputFileListPaths = (
				"${PODS_ROOT}/Target Support Files/Pods-HeatingClient/Pods-HeatingClient-frameworks-${CONFIGURATION}-output-files.xcfilelist",
			);
			runOnlyForDeploymentPostprocessing = 0;
			shellPath = /bin/sh;
			shellScript = "\"${PODS_ROOT}/Target Support Files/Pods-HeatingClient/Pods-HeatingClient-frameworks.sh\"\n";
			showEnvVarsInLog = 0;
		};
		B04FFD6DCCCB79031EA61FE8 /* [CP] Check Pods Manifest.lock */ = {
			isa = PBXShellScriptBuildPhase;
			buildActionMask = 2147483647;
			files = (
			);
			inputFileListPaths = (
			);
			inputPaths = (
				"${PODS_PODFILE_DIR_PATH}/Podfile.lock",
				"${PODS_ROOT}/Manifest.lock",
			);
			name = "[CP] Check Pods Manifest.lock";
			outputFileListPaths = (
			);
			outputPaths = (
				"$(DERIVED_FILE_DIR)/Pods-HeatingClient-checkManifestLockResult.txt",
			);
			runOnlyForDeploymentPostprocessing = 0;
			shellPath = /bin/sh;
			shellScript = "diff \"${PODS_PODFILE_DIR_PATH}/Podfile.lock\" \"${PODS_ROOT}/Manifest.lock\" > /dev/null\nif [ $? != 0 ] ; then\n    # print error to STDERR\n    echo \"error: The sandbox is not in sync with the Podfile.lock. Run 'pod install' or update your CocoaPods installation.\" >&2\n    exit 1\nfi\n# This output is used by Xcode 'outputs' to avoid re-running this script phase.\necho \"SUCCESS\" > \"${SCRIPT_OUTPUT_FILE_0}\"\n";
			showEnvVarsInLog = 0;
		};
/* End PBXShellScriptBuildPhase section */

/* Begin PBXSourcesBuildPhase section */
		7616491D230D485E00BFE176 /* Sources */ = {
			isa = PBXSourcesBuildPhase;
			buildActionMask = 2147483647;
			files = (
				76227818233CD3AF00B89376 /* DetailViewController.swift in Sources */,
				7612CB41230E9F3E002CF6C4 /* ThermostatsManager.swift in Sources */,
				76164927230D485E00BFE176 /* ListViewController.swift in Sources */,
				7612CB43230EA043002CF6C4 /* ThermostatTableViewCell.swift in Sources */,
				7602B93D233E0F3E004B354E /* HistoryChartViewModel.swift in Sources */,
				76164925230D485E00BFE176 /* AppDelegate.swift in Sources */,
				7616493C230D54FA00BFE176 /* Thermostat.swift in Sources */,
				7612CB3E230E9E1D002CF6C4 /* ConfigManager.swift in Sources */,
				7616493A230D54EE00BFE176 /* ThermostatsViewModel.swift in Sources */,
				762EBF472314062000B2FB30 /* Logger.swift in Sources */,
			);
			runOnlyForDeploymentPostprocessing = 0;
		};
		76C3D5FA23227BB9005DB931 /* Sources */ = {
			isa = PBXSourcesBuildPhase;
			buildActionMask = 2147483647;
			files = (
				76C3D60123227BB9005DB931 /* HeatingClientTests.swift in Sources */,
			);
			runOnlyForDeploymentPostprocessing = 0;
		};
/* End PBXSourcesBuildPhase section */

/* Begin PBXTargetDependency section */
		76C3D60423227BB9005DB931 /* PBXTargetDependency */ = {
			isa = PBXTargetDependency;
			target = 76164920230D485E00BFE176 /* HeatingClient */;
			targetProxy = 76C3D60323227BB9005DB931 /* PBXContainerItemProxy */;
		};
/* End PBXTargetDependency section */

/* Begin PBXVariantGroup section */
		76164928230D485E00BFE176 /* Main.storyboard */ = {
			isa = PBXVariantGroup;
			children = (
				76164929230D485E00BFE176 /* Base */,
			);
			name = Main.storyboard;
			sourceTree = "<group>";
		};
		7616492D230D486000BFE176 /* LaunchScreen.storyboard */ = {
			isa = PBXVariantGroup;
			children = (
				7616492E230D486000BFE176 /* Base */,
			);
			name = LaunchScreen.storyboard;
			sourceTree = "<group>";
		};
/* End PBXVariantGroup section */

/* Begin XCBuildConfiguration section */
		76164931230D486000BFE176 /* Debug */ = {
			isa = XCBuildConfiguration;
			buildSettings = {
				ALWAYS_SEARCH_USER_PATHS = NO;
				CLANG_ANALYZER_NONNULL = YES;
				CLANG_ANALYZER_NUMBER_OBJECT_CONVERSION = YES_AGGRESSIVE;
				CLANG_CXX_LANGUAGE_STANDARD = "gnu++14";
				CLANG_CXX_LIBRARY = "libc++";
				CLANG_ENABLE_MODULES = YES;
				CLANG_ENABLE_OBJC_ARC = YES;
				CLANG_ENABLE_OBJC_WEAK = YES;
				CLANG_WARN_BLOCK_CAPTURE_AUTORELEASING = YES;
				CLANG_WARN_BOOL_CONVERSION = YES;
				CLANG_WARN_COMMA = YES;
				CLANG_WARN_CONSTANT_CONVERSION = YES;
				CLANG_WARN_DEPRECATED_OBJC_IMPLEMENTATIONS = YES;
				CLANG_WARN_DIRECT_OBJC_ISA_USAGE = YES_ERROR;
				CLANG_WARN_DOCUMENTATION_COMMENTS = YES;
				CLANG_WARN_EMPTY_BODY = YES;
				CLANG_WARN_ENUM_CONVERSION = YES;
				CLANG_WARN_INFINITE_RECURSION = YES;
				CLANG_WARN_INT_CONVERSION = YES;
				CLANG_WARN_NON_LITERAL_NULL_CONVERSION = YES;
				CLANG_WARN_OBJC_IMPLICIT_RETAIN_SELF = YES;
				CLANG_WARN_OBJC_LITERAL_CONVERSION = YES;
				CLANG_WARN_OBJC_ROOT_CLASS = YES_ERROR;
				CLANG_WARN_RANGE_LOOP_ANALYSIS = YES;
				CLANG_WARN_STRICT_PROTOTYPES = YES;
				CLANG_WARN_SUSPICIOUS_MOVE = YES;
				CLANG_WARN_UNGUARDED_AVAILABILITY = YES_AGGRESSIVE;
				CLANG_WARN_UNREACHABLE_CODE = YES;
				CLANG_WARN__DUPLICATE_METHOD_MATCH = YES;
				CODE_SIGN_IDENTITY = "iPhone Developer";
				COPY_PHASE_STRIP = NO;
				DEBUG_INFORMATION_FORMAT = dwarf;
				ENABLE_STRICT_OBJC_MSGSEND = YES;
				ENABLE_TESTABILITY = YES;
				GCC_C_LANGUAGE_STANDARD = gnu11;
				GCC_DYNAMIC_NO_PIC = NO;
				GCC_NO_COMMON_BLOCKS = YES;
				GCC_OPTIMIZATION_LEVEL = 0;
				GCC_PREPROCESSOR_DEFINITIONS = (
					"DEBUG=1",
					"$(inherited)",
				);
				GCC_WARN_64_TO_32_BIT_CONVERSION = YES;
				GCC_WARN_ABOUT_RETURN_TYPE = YES_ERROR;
				GCC_WARN_UNDECLARED_SELECTOR = YES;
				GCC_WARN_UNINITIALIZED_AUTOS = YES_AGGRESSIVE;
				GCC_WARN_UNUSED_FUNCTION = YES;
				GCC_WARN_UNUSED_VARIABLE = YES;
				IPHONEOS_DEPLOYMENT_TARGET = 12.4;
				MTL_ENABLE_DEBUG_INFO = INCLUDE_SOURCE;
				MTL_FAST_MATH = YES;
				ONLY_ACTIVE_ARCH = YES;
				SDKROOT = iphoneos;
				SWIFT_ACTIVE_COMPILATION_CONDITIONS = DEBUG;
				SWIFT_OPTIMIZATION_LEVEL = "-Onone";
			};
			name = Debug;
		};
		76164932230D486000BFE176 /* Release */ = {
			isa = XCBuildConfiguration;
			buildSettings = {
				ALWAYS_SEARCH_USER_PATHS = NO;
				CLANG_ANALYZER_NONNULL = YES;
				CLANG_ANALYZER_NUMBER_OBJECT_CONVERSION = YES_AGGRESSIVE;
				CLANG_CXX_LANGUAGE_STANDARD = "gnu++14";
				CLANG_CXX_LIBRARY = "libc++";
				CLANG_ENABLE_MODULES = YES;
				CLANG_ENABLE_OBJC_ARC = YES;
				CLANG_ENABLE_OBJC_WEAK = YES;
				CLANG_WARN_BLOCK_CAPTURE_AUTORELEASING = YES;
				CLANG_WARN_BOOL_CONVERSION = YES;
				CLANG_WARN_COMMA = YES;
				CLANG_WARN_CONSTANT_CONVERSION = YES;
				CLANG_WARN_DEPRECATED_OBJC_IMPLEMENTATIONS = YES;
				CLANG_WARN_DIRECT_OBJC_ISA_USAGE = YES_ERROR;
				CLANG_WARN_DOCUMENTATION_COMMENTS = YES;
				CLANG_WARN_EMPTY_BODY = YES;
				CLANG_WARN_ENUM_CONVERSION = YES;
				CLANG_WARN_INFINITE_RECURSION = YES;
				CLANG_WARN_INT_CONVERSION = YES;
				CLANG_WARN_NON_LITERAL_NULL_CONVERSION = YES;
				CLANG_WARN_OBJC_IMPLICIT_RETAIN_SELF = YES;
				CLANG_WARN_OBJC_LITERAL_CONVERSION = YES;
				CLANG_WARN_OBJC_ROOT_CLASS = YES_ERROR;
				CLANG_WARN_RANGE_LOOP_ANALYSIS = YES;
				CLANG_WARN_STRICT_PROTOTYPES = YES;
				CLANG_WARN_SUSPICIOUS_MOVE = YES;
				CLANG_WARN_UNGUARDED_AVAILABILITY = YES_AGGRESSIVE;
				CLANG_WARN_UNREACHABLE_CODE = YES;
				CLANG_WARN__DUPLICATE_METHOD_MATCH = YES;
				CODE_SIGN_IDENTITY = "iPhone Developer";
				COPY_PHASE_STRIP = NO;
				DEBUG_INFORMATION_FORMAT = "dwarf-with-dsym";
				ENABLE_NS_ASSERTIONS = NO;
				ENABLE_STRICT_OBJC_MSGSEND = YES;
				GCC_C_LANGUAGE_STANDARD = gnu11;
				GCC_NO_COMMON_BLOCKS = YES;
				GCC_WARN_64_TO_32_BIT_CONVERSION = YES;
				GCC_WARN_ABOUT_RETURN_TYPE = YES_ERROR;
				GCC_WARN_UNDECLARED_SELECTOR = YES;
				GCC_WARN_UNINITIALIZED_AUTOS = YES_AGGRESSIVE;
				GCC_WARN_UNUSED_FUNCTION = YES;
				GCC_WARN_UNUSED_VARIABLE = YES;
				IPHONEOS_DEPLOYMENT_TARGET = 12.4;
				MTL_ENABLE_DEBUG_INFO = NO;
				MTL_FAST_MATH = YES;
				SDKROOT = iphoneos;
				SWIFT_COMPILATION_MODE = wholemodule;
				SWIFT_OPTIMIZATION_LEVEL = "-O";
				VALIDATE_PRODUCT = YES;
			};
			name = Release;
		};
		76164934230D486000BFE176 /* Debug */ = {
			isa = XCBuildConfiguration;
			baseConfigurationReference = 4A98C292716A6DBED8A3F769 /* Pods-HeatingClient.debug.xcconfig */;
			buildSettings = {
				ASSETCATALOG_COMPILER_APPICON_NAME = AppIcon;
				CODE_SIGN_STYLE = Automatic;
				DEVELOPMENT_TEAM = UVJCW2277W;
				INFOPLIST_FILE = HeatingClient/Info.plist;
				IPHONEOS_DEPLOYMENT_TARGET = 10.0;
				LD_RUNPATH_SEARCH_PATHS = (
					"$(inherited)",
					"@executable_path/Frameworks",
				);
				PRODUCT_BUNDLE_IDENTIFIER = pl.edu.leszczynski.HeatingClient;
				PRODUCT_NAME = "$(TARGET_NAME)";
				SWIFT_VERSION = 5.0;
				TARGETED_DEVICE_FAMILY = "1,2";
			};
			name = Debug;
		};
		76164935230D486000BFE176 /* Release */ = {
			isa = XCBuildConfiguration;
			baseConfigurationReference = FCA6CAB906B1E505011ACCC4 /* Pods-HeatingClient.release.xcconfig */;
			buildSettings = {
				ASSETCATALOG_COMPILER_APPICON_NAME = AppIcon;
				CODE_SIGN_STYLE = Automatic;
				DEVELOPMENT_TEAM = UVJCW2277W;
				INFOPLIST_FILE = HeatingClient/Info.plist;
				IPHONEOS_DEPLOYMENT_TARGET = 10.0;
				LD_RUNPATH_SEARCH_PATHS = (
					"$(inherited)",
					"@executable_path/Frameworks",
				);
				PRODUCT_BUNDLE_IDENTIFIER = pl.edu.leszczynski.HeatingClient;
				PRODUCT_NAME = "$(TARGET_NAME)";
				SWIFT_VERSION = 5.0;
				TARGETED_DEVICE_FAMILY = "1,2";
			};
			name = Release;
		};
		76C3D60523227BB9005DB931 /* Debug */ = {
			isa = XCBuildConfiguration;
			baseConfigurationReference = C6D1C949977ADC6A3B645AD8 /* Pods-HeatingClient-HeatingClientTests.debug.xcconfig */;
			buildSettings = {
				BUNDLE_LOADER = "$(TEST_HOST)";
				CODE_SIGN_STYLE = Automatic;
				DEVELOPMENT_TEAM = W9AYBK7AF4;
				INFOPLIST_FILE = HeatingClientTests/Info.plist;
				LD_RUNPATH_SEARCH_PATHS = (
					"$(inherited)",
					"@executable_path/Frameworks",
					"@loader_path/Frameworks",
				);
				PRODUCT_BUNDLE_IDENTIFIER = pl.edu.leszczynski.HeatingClientTests;
				PRODUCT_NAME = "$(TARGET_NAME)";
				SWIFT_VERSION = 5.0;
				TARGETED_DEVICE_FAMILY = "1,2";
				TEST_HOST = "$(BUILT_PRODUCTS_DIR)/HeatingClient.app/HeatingClient";
			};
			name = Debug;
		};
		76C3D60623227BB9005DB931 /* Release */ = {
			isa = XCBuildConfiguration;
			baseConfigurationReference = 2388AB1CE9104EF0E1E724B3 /* Pods-HeatingClient-HeatingClientTests.release.xcconfig */;
			buildSettings = {
				BUNDLE_LOADER = "$(TEST_HOST)";
				CODE_SIGN_STYLE = Automatic;
				DEVELOPMENT_TEAM = W9AYBK7AF4;
				INFOPLIST_FILE = HeatingClientTests/Info.plist;
				LD_RUNPATH_SEARCH_PATHS = (
					"$(inherited)",
					"@executable_path/Frameworks",
					"@loader_path/Frameworks",
				);
				PRODUCT_BUNDLE_IDENTIFIER = pl.edu.leszczynski.HeatingClientTests;
				PRODUCT_NAME = "$(TARGET_NAME)";
				SWIFT_VERSION = 5.0;
				TARGETED_DEVICE_FAMILY = "1,2";
				TEST_HOST = "$(BUILT_PRODUCTS_DIR)/HeatingClient.app/HeatingClient";
			};
			name = Release;
		};
/* End XCBuildConfiguration section */

/* Begin XCConfigurationList section */
		7616491C230D485E00BFE176 /* Build configuration list for PBXProject "HeatingClient" */ = {
			isa = XCConfigurationList;
			buildConfigurations = (
				76164931230D486000BFE176 /* Debug */,
				76164932230D486000BFE176 /* Release */,
			);
			defaultConfigurationIsVisible = 0;
			defaultConfigurationName = Release;
		};
		76164933230D486000BFE176 /* Build configuration list for PBXNativeTarget "HeatingClient" */ = {
			isa = XCConfigurationList;
			buildConfigurations = (
				76164934230D486000BFE176 /* Debug */,
				76164935230D486000BFE176 /* Release */,
			);
			defaultConfigurationIsVisible = 0;
			defaultConfigurationName = Release;
		};
		76C3D60723227BB9005DB931 /* Build configuration list for PBXNativeTarget "HeatingClientTests" */ = {
			isa = XCConfigurationList;
			buildConfigurations = (
				76C3D60523227BB9005DB931 /* Debug */,
				76C3D60623227BB9005DB931 /* Release */,
			);
			defaultConfigurationIsVisible = 0;
			defaultConfigurationName = Release;
		};
/* End XCConfigurationList section */
	};
	rootObject = 76164919230D485E00BFE176 /* Project object */;
}
